
Microsoft Visual Studio Solution File, Format Version 12.00
# Visual Studio Version 16
VisualStudioVersion = 16.0.34031.81
MinimumVisualStudioVersion = 10.0.40219.1
Project("{2150E333-8FDC-42A3-9474-1A3956D46DE8}") = "Task2", "Task2", "{B2911209-930E-419A-B9CD-46E673FCBDF6}"
EndProject
Project("{FAE04EC0-301F-11D3-BF4B-00C04F79EFBC}") = "Tyuiu.ModenovaAP.Sprint4.Task2.V1", "Tyuiu.ModenovaAP.Sprint4.Task2.V1\Tyuiu.ModenovaAP.Sprint4.Task2.V1.csproj", "{F38137DF-125E-424E-89E4-4021E0069D04}"
EndProject
Project("{FAE04EC0-301F-11D3-BF4B-00C04F79EFBC}") = "Tyuiu.ModenovaAP.Sprint4.Task2.V1.Lib", "Tyuiu.ModenovaAP.Sprint4.Task2.V1.Lib\Tyuiu.ModenovaAP.Sprint4.Task2.V1.Lib.csproj", "{21889464-B0F4-4885-A62B-FA6AB999A263}"
EndProject
Project("{FAE04EC0-301F-11D3-BF4B-00C04F79EFBC}") = "Tyuiu.ModenovaAP.Sprint4.Task2.V1.Test", "Tyuiu.ModenovaAP.Sprint4.Task2.V1.Test\Tyuiu.ModenovaAP.Sprint4.Task2.V1.Test.csproj", "{6A5C5B5F-A72B-400E-991E-252ED54C7BA0}"
EndProject
Project("{2150E333-8FDC-42A3-9474-1A3956D46DE8}") = "Task3", "Task3", "{D25896A3-E36F-4E11-BB1C-F26149DD985D}"
EndProject
Project("{FAE04EC0-301F-11D3-BF4B-00C04F79EFBC}") = "Tyuiu.ModenovaAP.Sprint4.Task3.V24", "Tyuiu.ModenovaAP.Sprint4.Task3.V24\Tyuiu.ModenovaAP.Sprint4.Task3.V24.csproj", "{A8A6DF5A-2E29-4BF1-85A4-8B488498ABD2}"
EndProject
Project("{FAE04EC0-301F-11D3-BF4B-00C04F79EFBC}") = "Tyuiu.ModenovaAP.Sprint4.Task3.V24.Lib", "Tyuiu.ModenovaAP.Sprint4.Task3.V24.Lib\Tyuiu.ModenovaAP.Sprint4.Task3.V24.Lib.csproj", "{7BD54918-DBC1-4344-AD36-674B9FCDC2F8}"
EndProject
Project("{FAE04EC0-301F-11D3-BF4B-00C04F79EFBC}") = "Tyuiu.ModenovaAP.Sprint4.Task3.V24.Test", "Tyuiu.ModenovaAP.Sprint4.Task3.V24.Test\Tyuiu.ModenovaAP.Sprint4.Task3.V24.Test.csproj", "{AEC72B91-2828-4E2A-B453-62CC8CFB6DD2}"
EndProject
Project("{2150E333-8FDC-42A3-9474-1A3956D46DE8}") = "Task0", "Task0", "{AA04DD1A-7367-4DD9-8EA3-E82FC8F993EA}"
EndProject
Project("{FAE04EC0-301F-11D3-BF4B-00C04F79EFBC}") = "Tyuiu.ModenovaAP.Sprint4.Task0.V14", "Tyuiu.ModenovaAP.Sprint4.Task0.V14\Tyuiu.ModenovaAP.Sprint4.Task0.V14.csproj", "{5DEF0AF0-0869-4B2F-B4C4-6B709C997893}"
EndProject
Project("{FAE04EC0-301F-11D3-BF4B-00C04F79EFBC}") = "Tyuiu.ModenovaAP.Sprint4.Task0.V14.Lib", "Tyuiu.ModenovaAP.Sprint4.Task0.V14.Lib\Tyuiu.ModenovaAP.Sprint4.Task0.V14.Lib.csproj", "{908D97CA-04E6-4ADD-A037-951804096E17}"
EndProject
Project("{FAE04EC0-301F-11D3-BF4B-00C04F79EFBC}") = "Tyuiu.ModenovaAP.Sprint4.Task0.V14.Test", "Tyuiu.ModenovaAP.Sprint4.Task0.V14.Test\Tyuiu.ModenovaAP.Sprint4.Task0.V14.Test.csproj", "{62EC1844-2428-4BCD-B43E-FFAA05CDF414}"
EndProject
Project("{2150E333-8FDC-42A3-9474-1A3956D46DE8}") = "Task1", "Task1", "{7E40C8E5-0E1E-40BB-9CED-1454FE0712D5}"
EndProject
Project("{FAE04EC0-301F-11D3-BF4B-00C04F79EFBC}") = "Tyuiu.ModenovaAP.Sprint4.Task1.V10", "Tyuiu.ModenovaAP.Sprint4.Task1.V10\Tyuiu.ModenovaAP.Sprint4.Task1.V10.csproj", "{0531BCAF-6E93-4C5D-96FE-6BB8153F84C5}"
EndProject
Project("{FAE04EC0-301F-11D3-BF4B-00C04F79EFBC}") = "Tyuiu.ModenovaAP.Sprint4.Task1.V10.Lib", "Tyuiu.ModenovaAP.Sprint4.Task1.V10.Lib\Tyuiu.ModenovaAP.Sprint4.Task1.V10.Lib.csproj", "{9F513D97-6B07-4652-9E0A-6FA5D9F5F45B}"
EndProject
Project("{FAE04EC0-301F-11D3-BF4B-00C04F79EFBC}") = "Tyuiu.ModenovaAP.Sprint4.Task1.V10.Test", "Tyuiu.ModenovaAP.Sprint4.Task1.V10.Test\Tyuiu.ModenovaAP.Sprint4.Task1.V10.Test.csproj", "{73C54368-3D24-4AF7-9DA0-D3FDAF83809D}"
EndProject
Project("{2150E333-8FDC-42A3-9474-1A3956D46DE8}") = "Task4", "Task4", "{BB3AF670-6DA5-4851-BAC1-7A0545BCBF90}"
EndProject
Project("{FAE04EC0-301F-11D3-BF4B-00C04F79EFBC}") = "Tyuiu.ModenovaAP.Sprint4.Task4.V2", "Tyuiu.ModenovaAP.Sprint4.Task4.V2\Tyuiu.ModenovaAP.Sprint4.Task4.V2.csproj", "{8F8A6FCC-76E9-4285-92A8-8B043358EB20}"
EndProject
Project("{FAE04EC0-301F-11D3-BF4B-00C04F79EFBC}") = "Tyuiu.ModenovaAP.Sprint4.Task4.V2.Lib", "Tyuiu.ModenovaAP.Sprint4.Task4.V2.Lib\Tyuiu.ModenovaAP.Sprint4.Task4.V2.Lib.csproj", "{1E3B6EAB-1161-46AC-9252-79CEE5E63EF1}"
EndProject
Project("{FAE04EC0-301F-11D3-BF4B-00C04F79EFBC}") = "Tyuiu.ModenovaAP.Sprint4.Task4.V2.Test", "Tyuiu.ModenovaAP.Sprint4.Task4.V2.Test\Tyuiu.ModenovaAP.Sprint4.Task4.V2.Test.csproj", "{C9CE7439-D9D0-419A-A5E1-1A61626CDC04}"
EndProject
Project("{2150E333-8FDC-42A3-9474-1A3956D46DE8}") = "Task5", "Task5", "{10F06A07-FA74-4BD0-98B0-890BAAF8603D}"
EndProject
Project("{FAE04EC0-301F-11D3-BF4B-00C04F79EFBC}") = "Tyuiu.ModenovaAP.Sprint4.Task5.V3", "Tyuiu.ModenovaAP.Sprint4.Task5.V3\Tyuiu.ModenovaAP.Sprint4.Task5.V3.csproj", "{3A72ECDA-773D-4B14-A030-F38CC7556290}"
EndProject
Project("{FAE04EC0-301F-11D3-BF4B-00C04F79EFBC}") = "Tyuiu.ModenovaAP.Sprint4.Task5.V3.Lib", "Tyuiu.ModenovaAP.Sprint4.Task5.V3.Lib\Tyuiu.ModenovaAP.Sprint4.Task5.V3.Lib.csproj", "{48AEEB89-7B0C-41CE-AB1B-DDDF0E22B1D6}"
EndProject
Project("{FAE04EC0-301F-11D3-BF4B-00C04F79EFBC}") = "Tyuiu.ModenovaAP.Sprint4.Task5.V3.Test", "Tyuiu.ModenovaAP.Sprint4.Task5.V3.Test\Tyuiu.ModenovaAP.Sprint4.Task5.V3.Test.csproj", "{345D1226-E49A-495B-92D0-76EAD9428012}"
EndProject
Global
	GlobalSection(SolutionConfigurationPlatforms) = preSolution
		Debug|Any CPU = Debug|Any CPU
		Release|Any CPU = Release|Any CPU
	EndGlobalSection
	GlobalSection(ProjectConfigurationPlatforms) = postSolution
		{F38137DF-125E-424E-89E4-4021E0069D04}.Debug|Any CPU.ActiveCfg = Debug|Any CPU
		{F38137DF-125E-424E-89E4-4021E0069D04}.Debug|Any CPU.Build.0 = Debug|Any CPU
		{F38137DF-125E-424E-89E4-4021E0069D04}.Release|Any CPU.ActiveCfg = Release|Any CPU
		{F38137DF-125E-424E-89E4-4021E0069D04}.Release|Any CPU.Build.0 = Release|Any CPU
		{21889464-B0F4-4885-A62B-FA6AB999A263}.Debug|Any CPU.ActiveCfg = Debug|Any CPU
		{21889464-B0F4-4885-A62B-FA6AB999A263}.Debug|Any CPU.Build.0 = Debug|Any CPU
		{21889464-B0F4-4885-A62B-FA6AB999A263}.Release|Any CPU.ActiveCfg = Release|Any CPU
		{21889464-B0F4-4885-A62B-FA6AB999A263}.Release|Any CPU.Build.0 = Release|Any CPU
		{6A5C5B5F-A72B-400E-991E-252ED54C7BA0}.Debug|Any CPU.ActiveCfg = Debug|Any CPU
		{6A5C5B5F-A72B-400E-991E-252ED54C7BA0}.Debug|Any CPU.Build.0 = Debug|Any CPU
		{6A5C5B5F-A72B-400E-991E-252ED54C7BA0}.Release|Any CPU.ActiveCfg = Release|Any CPU
		{6A5C5B5F-A72B-400E-991E-252ED54C7BA0}.Release|Any CPU.Build.0 = Release|Any CPU
		{A8A6DF5A-2E29-4BF1-85A4-8B488498ABD2}.Debug|Any CPU.ActiveCfg = Debug|Any CPU
		{A8A6DF5A-2E29-4BF1-85A4-8B488498ABD2}.Debug|Any CPU.Build.0 = Debug|Any CPU
		{A8A6DF5A-2E29-4BF1-85A4-8B488498ABD2}.Release|Any CPU.ActiveCfg = Release|Any CPU
		{A8A6DF5A-2E29-4BF1-85A4-8B488498ABD2}.Release|Any CPU.Build.0 = Release|Any CPU
		{7BD54918-DBC1-4344-AD36-674B9FCDC2F8}.Debug|Any CPU.ActiveCfg = Debug|Any CPU
		{7BD54918-DBC1-4344-AD36-674B9FCDC2F8}.Debug|Any CPU.Build.0 = Debug|Any CPU
		{7BD54918-DBC1-4344-AD36-674B9FCDC2F8}.Release|Any CPU.ActiveCfg = Release|Any CPU
		{7BD54918-DBC1-4344-AD36-674B9FCDC2F8}.Release|Any CPU.Build.0 = Release|Any CPU
		{AEC72B91-2828-4E2A-B453-62CC8CFB6DD2}.Debug|Any CPU.ActiveCfg = Debug|Any CPU
		{AEC72B91-2828-4E2A-B453-62CC8CFB6DD2}.Debug|Any CPU.Build.0 = Debug|Any CPU
		{AEC72B91-2828-4E2A-B453-62CC8CFB6DD2}.Release|Any CPU.ActiveCfg = Release|Any CPU
		{AEC72B91-2828-4E2A-B453-62CC8CFB6DD2}.Release|Any CPU.Build.0 = Release|Any CPU
		{5DEF0AF0-0869-4B2F-B4C4-6B709C997893}.Debug|Any CPU.ActiveCfg = Debug|Any CPU
		{5DEF0AF0-0869-4B2F-B4C4-6B709C997893}.Debug|Any CPU.Build.0 = Debug|Any CPU
		{5DEF0AF0-0869-4B2F-B4C4-6B709C997893}.Release|Any CPU.ActiveCfg = Release|Any CPU
		{5DEF0AF0-0869-4B2F-B4C4-6B709C997893}.Release|Any CPU.Build.0 = Release|Any CPU
		{908D97CA-04E6-4ADD-A037-951804096E17}.Debug|Any CPU.ActiveCfg = Debug|Any CPU
		{908D97CA-04E6-4ADD-A037-951804096E17}.Debug|Any CPU.Build.0 = Debug|Any CPU
		{908D97CA-04E6-4ADD-A037-951804096E17}.Release|Any CPU.ActiveCfg = Release|Any CPU
		{908D97CA-04E6-4ADD-A037-951804096E17}.Release|Any CPU.Build.0 = Release|Any CPU
		{62EC1844-2428-4BCD-B43E-FFAA05CDF414}.Debug|Any CPU.ActiveCfg = Debug|Any CPU
		{62EC1844-2428-4BCD-B43E-FFAA05CDF414}.Debug|Any CPU.Build.0 = Debug|Any CPU
		{62EC1844-2428-4BCD-B43E-FFAA05CDF414}.Release|Any CPU.ActiveCfg = Release|Any CPU
		{62EC1844-2428-4BCD-B43E-FFAA05CDF414}.Release|Any CPU.Build.0 = Release|Any CPU
		{0531BCAF-6E93-4C5D-96FE-6BB8153F84C5}.Debug|Any CPU.ActiveCfg = Debug|Any CPU
		{0531BCAF-6E93-4C5D-96FE-6BB8153F84C5}.Debug|Any CPU.Build.0 = Debug|Any CPU
		{0531BCAF-6E93-4C5D-96FE-6BB8153F84C5}.Release|Any CPU.ActiveCfg = Release|Any CPU
		{0531BCAF-6E93-4C5D-96FE-6BB8153F84C5}.Release|Any CPU.Build.0 = Release|Any CPU
		{9F513D97-6B07-4652-9E0A-6FA5D9F5F45B}.Debug|Any CPU.ActiveCfg = Debug|Any CPU
		{9F513D97-6B07-4652-9E0A-6FA5D9F5F45B}.Debug|Any CPU.Build.0 = Debug|Any CPU
		{9F513D97-6B07-4652-9E0A-6FA5D9F5F45B}.Release|Any CPU.ActiveCfg = Release|Any CPU
		{9F513D97-6B07-4652-9E0A-6FA5D9F5F45B}.Release|Any CPU.Build.0 = Release|Any CPU
		{73C54368-3D24-4AF7-9DA0-D3FDAF83809D}.Debug|Any CPU.ActiveCfg = Debug|Any CPU
		{73C54368-3D24-4AF7-9DA0-D3FDAF83809D}.Debug|Any CPU.Build.0 = Debug|Any CPU
		{73C54368-3D24-4AF7-9DA0-D3FDAF83809D}.Release|Any CPU.ActiveCfg = Release|Any CPU
		{73C54368-3D24-4AF7-9DA0-D3FDAF83809D}.Release|Any CPU.Build.0 = Release|Any CPU
		{8F8A6FCC-76E9-4285-92A8-8B043358EB20}.Debug|Any CPU.ActiveCfg = Debug|Any CPU
		{8F8A6FCC-76E9-4285-92A8-8B043358EB20}.Debug|Any CPU.Build.0 = Debug|Any CPU
		{8F8A6FCC-76E9-4285-92A8-8B043358EB20}.Release|Any CPU.ActiveCfg = Release|Any CPU
		{8F8A6FCC-76E9-4285-92A8-8B043358EB20}.Release|Any CPU.Build.0 = Release|Any CPU
		{1E3B6EAB-1161-46AC-9252-79CEE5E63EF1}.Debug|Any CPU.ActiveCfg = Debug|Any CPU
		{1E3B6EAB-1161-46AC-9252-79CEE5E63EF1}.Debug|Any CPU.Build.0 = Debug|Any CPU
		{1E3B6EAB-1161-46AC-9252-79CEE5E63EF1}.Release|Any CPU.ActiveCfg = Release|Any CPU
		{1E3B6EAB-1161-46AC-9252-79CEE5E63EF1}.Release|Any CPU.Build.0 = Release|Any CPU
		{C9CE7439-D9D0-419A-A5E1-1A61626CDC04}.Debug|Any CPU.ActiveCfg = Debug|Any CPU
		{C9CE7439-D9D0-419A-A5E1-1A61626CDC04}.Debug|Any CPU.Build.0 = Debug|Any CPU
		{C9CE7439-D9D0-419A-A5E1-1A61626CDC04}.Release|Any CPU.ActiveCfg = Release|Any CPU
		{C9CE7439-D9D0-419A-A5E1-1A61626CDC04}.Release|Any CPU.Build.0 = Release|Any CPU
		{3A72ECDA-773D-4B14-A030-F38CC7556290}.Debug|Any CPU.ActiveCfg = Debug|Any CPU
		{3A72ECDA-773D-4B14-A030-F38CC7556290}.Debug|Any CPU.Build.0 = Debug|Any CPU
		{3A72ECDA-773D-4B14-A030-F38CC7556290}.Release|Any CPU.ActiveCfg = Release|Any CPU
		{3A72ECDA-773D-4B14-A030-F38CC7556290}.Release|Any CPU.Build.0 = Release|Any CPU
		{48AEEB89-7B0C-41CE-AB1B-DDDF0E22B1D6}.Debug|Any CPU.ActiveCfg = Debug|Any CPU
		{48AEEB89-7B0C-41CE-AB1B-DDDF0E22B1D6}.Debug|Any CPU.Build.0 = Debug|Any CPU
		{48AEEB89-7B0C-41CE-AB1B-DDDF0E22B1D6}.Release|Any CPU.ActiveCfg = Release|Any CPU
		{48AEEB89-7B0C-41CE-AB1B-DDDF0E22B1D6}.Release|Any CPU.Build.0 = Release|Any CPU
		{345D1226-E49A-495B-92D0-76EAD9428012}.Debug|Any CPU.ActiveCfg = Debug|Any CPU
		{345D1226-E49A-495B-92D0-76EAD9428012}.Debug|Any CPU.Build.0 = Debug|Any CPU
		{345D1226-E49A-495B-92D0-76EAD9428012}.Release|Any CPU.ActiveCfg = Release|Any CPU
		{345D1226-E49A-495B-92D0-76EAD9428012}.Release|Any CPU.Build.0 = Release|Any CPU
	EndGlobalSection
	GlobalSection(SolutionProperties) = preSolution
		HideSolutionNode = FALSE
	EndGlobalSection
	GlobalSection(NestedProjects) = preSolution
		{F38137DF-125E-424E-89E4-4021E0069D04} = {B2911209-930E-419A-B9CD-46E673FCBDF6}
		{21889464-B0F4-4885-A62B-FA6AB999A263} = {B2911209-930E-419A-B9CD-46E673FCBDF6}
		{6A5C5B5F-A72B-400E-991E-252ED54C7BA0} = {B2911209-930E-419A-B9CD-46E673FCBDF6}
		{A8A6DF5A-2E29-4BF1-85A4-8B488498ABD2} = {D25896A3-E36F-4E11-BB1C-F26149DD985D}
		{7BD54918-DBC1-4344-AD36-674B9FCDC2F8} = {D25896A3-E36F-4E11-BB1C-F26149DD985D}
		{AEC72B91-2828-4E2A-B453-62CC8CFB6DD2} = {D25896A3-E36F-4E11-BB1C-F26149DD985D}
		{5DEF0AF0-0869-4B2F-B4C4-6B709C997893} = {AA04DD1A-7367-4DD9-8EA3-E82FC8F993EA}
		{908D97CA-04E6-4ADD-A037-951804096E17} = {AA04DD1A-7367-4DD9-8EA3-E82FC8F993EA}
		{62EC1844-2428-4BCD-B43E-FFAA05CDF414} = {AA04DD1A-7367-4DD9-8EA3-E82FC8F993EA}
		{0531BCAF-6E93-4C5D-96FE-6BB8153F84C5} = {7E40C8E5-0E1E-40BB-9CED-1454FE0712D5}
		{9F513D97-6B07-4652-9E0A-6FA5D9F5F45B} = {7E40C8E5-0E1E-40BB-9CED-1454FE0712D5}
		{73C54368-3D24-4AF7-9DA0-D3FDAF83809D} = {7E40C8E5-0E1E-40BB-9CED-1454FE0712D5}
		{8F8A6FCC-76E9-4285-92A8-8B043358EB20} = {BB3AF670-6DA5-4851-BAC1-7A0545BCBF90}
		{1E3B6EAB-1161-46AC-9252-79CEE5E63EF1} = {BB3AF670-6DA5-4851-BAC1-7A0545BCBF90}
		{C9CE7439-D9D0-419A-A5E1-1A61626CDC04} = {BB3AF670-6DA5-4851-BAC1-7A0545BCBF90}
		{3A72ECDA-773D-4B14-A030-F38CC7556290} = {10F06A07-FA74-4BD0-98B0-890BAAF8603D}
		{48AEEB89-7B0C-41CE-AB1B-DDDF0E22B1D6} = {10F06A07-FA74-4BD0-98B0-890BAAF8603D}
		{345D1226-E49A-495B-92D0-76EAD9428012} = {10F06A07-FA74-4BD0-98B0-890BAAF8603D}
	EndGlobalSection
	GlobalSection(ExtensibilityGlobals) = postSolution
		SolutionGuid = {C3F839D7-EA7E-4E32-BD23-F4A096B903EA}
	EndGlobalSection
EndGlobal
